
Microsoft Visual Studio Solution File, Format Version 12.00
# Visual Studio Version 17
VisualStudioVersion = 17.7.34031.279
MinimumVisualStudioVersion = 10.0.40219.1
Project("{9A19103F-16F7-4668-BE54-9A1E7A4F7556}") = "FlieServer", "flieclient\FlieServer.csproj", "{602125B5-1383-4FE4-BFDF-F7D135DEF3C1}"
EndProject
Global
	GlobalSection(SolutionConfigurationPlatforms) = preSolution
		Debug|Any CPU = Debug|Any CPU
		Release|Any CPU = Release|Any CPU
	EndGlobalSection
	GlobalSection(ProjectConfigurationPlatforms) = postSolution
		{602125B5-1383-4FE4-BFDF-F7D135DEF3C1}.Debug|Any CPU.ActiveCfg = Debug|Any CPU
		{602125B5-1383-4FE4-BFDF-F7D135DEF3C1}.Debug|Any CPU.Build.0 = Debug|Any CPU
		{602125B5-1383-4FE4-BFDF-F7D135DEF3C1}.Release|Any CPU.ActiveCfg = Release|Any CPU
		{602125B5-1383-4FE4-BFDF-F7D135DEF3C1}.Release|Any CPU.Build.0 = Release|Any CPU
	EndGlobalSection
	GlobalSection(SolutionProperties) = preSolution
		HideSolutionNode = FALSE
	EndGlobalSection
	GlobalSection(ExtensibilityGlobals) = postSolution
		SolutionGuid = {37BC4998-F35F-42AB-A936-B32A57F0819A}
	EndGlobalSection
EndGlobal
